
Microsoft Visual Studio Solution File, Format Version 12.00
# Visual Studio Version 17
VisualStudioVersion = 17.2.32616.157
MinimumVisualStudioVersion = 10.0.40219.1
Project("{FAE04EC0-301F-11D3-BF4B-00C04F79EFBC}") = "Pokeeedex", "Pokeeedex\Pokeeedex.csproj", "{1AB19F93-6F76-489E-8E75-D44B349AF17D}"
EndProject
Project("{FAE04EC0-301F-11D3-BF4B-00C04F79EFBC}") = "negocio", "negocio\negocio.csproj", "{B72D9351-27BC-49DE-9483-892E4928DC71}"
EndProject
Project("{FAE04EC0-301F-11D3-BF4B-00C04F79EFBC}") = "modelo", "modelo\modelo.csproj", "{C55507CD-EB59-4F3D-A683-044600386216}"
EndProject
Global
	GlobalSection(SolutionConfigurationPlatforms) = preSolution
		Debug|Any CPU = Debug|Any CPU
		Release|Any CPU = Release|Any CPU
	EndGlobalSection
	GlobalSection(ProjectConfigurationPlatforms) = postSolution
		{1AB19F93-6F76-489E-8E75-D44B349AF17D}.Debug|Any CPU.ActiveCfg = Debug|Any CPU
		{1AB19F93-6F76-489E-8E75-D44B349AF17D}.Debug|Any CPU.Build.0 = Debug|Any CPU
		{1AB19F93-6F76-489E-8E75-D44B349AF17D}.Release|Any CPU.ActiveCfg = Release|Any CPU
		{1AB19F93-6F76-489E-8E75-D44B349AF17D}.Release|Any CPU.Build.0 = Release|Any CPU
		{B72D9351-27BC-49DE-9483-892E4928DC71}.Debug|Any CPU.ActiveCfg = Debug|Any CPU
		{B72D9351-27BC-49DE-9483-892E4928DC71}.Debug|Any CPU.Build.0 = Debug|Any CPU
		{B72D9351-27BC-49DE-9483-892E4928DC71}.Release|Any CPU.ActiveCfg = Release|Any CPU
		{B72D9351-27BC-49DE-9483-892E4928DC71}.Release|Any CPU.Build.0 = Release|Any CPU
		{C55507CD-EB59-4F3D-A683-044600386216}.Debug|Any CPU.ActiveCfg = Debug|Any CPU
		{C55507CD-EB59-4F3D-A683-044600386216}.Debug|Any CPU.Build.0 = Debug|Any CPU
		{C55507CD-EB59-4F3D-A683-044600386216}.Release|Any CPU.ActiveCfg = Release|Any CPU
		{C55507CD-EB59-4F3D-A683-044600386216}.Release|Any CPU.Build.0 = Release|Any CPU
	EndGlobalSection
	GlobalSection(SolutionProperties) = preSolution
		HideSolutionNode = FALSE
	EndGlobalSection
	GlobalSection(ExtensibilityGlobals) = postSolution
		SolutionGuid = {3F98A75A-54E3-4387-A1C8-4D4DF18EA565}
	EndGlobalSection
EndGlobal
